
Microsoft Visual Studio Solution File, Format Version 12.00
# Visual Studio Version 17
VisualStudioVersion = 17.0.31903.59
MinimumVisualStudioVersion = 10.0.40219.1
Project("{2150E333-8FDC-42A3-9474-1A3956D46DE8}") = "30. Application", "30. Application", "{827E0CD3-B72D-47B6-A68D-7590B98EB39B}"
EndProject
Project("{FAE04EC0-301F-11D3-BF4B-00C04F79EFBC}") = "BlockChain.Api", "src\BlockChain.Api\BlockChain.Api.csproj", "{3C4B2064-4374-43D0-8114-CCF2E13D907B}"
EndProject
Project("{FAE04EC0-301F-11D3-BF4B-00C04F79EFBC}") = "BlockChain.Application", "src\BlockChain.Application\BlockChain.Application.csproj", "{293EADBE-1AB4-4E60-8263-C15E3DB53B9C}"
EndProject
Project("{FAE04EC0-301F-11D3-BF4B-00C04F79EFBC}") = "BlockChain.Infrastructure", "src\BlockChain.Infrastructure\BlockChain.Infrastructure.csproj", "{E92CCA88-BC8B-4C97-8E68-4A683CEEE745}"
EndProject
Project("{2150E333-8FDC-42A3-9474-1A3956D46DE8}") = "99. Tests", "99. Tests", "{0AB3BF05-4346-4AA6-1389-037BE0695223}"
EndProject
Project("{FAE04EC0-301F-11D3-BF4B-00C04F79EFBC}") = "BlockChain.UnitTests", "tests\BlockChain.UnitTests\BlockChain.UnitTests.csproj", "{4723E1A1-FE60-4F3B-B204-03FD8B3CABD8}"
EndProject
Project("{FAE04EC0-301F-11D3-BF4B-00C04F79EFBC}") = "BlockChain.IntegrationTests", "tests\BlockChain.IntegrationTests\BlockChain.IntegrationTests.csproj", "{CA5CD6CB-74B3-49B7-9833-473C81D694B9}"
EndProject
Project("{2150E333-8FDC-42A3-9474-1A3956D46DE8}") = "10. Domain", "10. Domain", "{83F19C5C-A644-4CEB-9A88-0388BD4AB6FA}"
EndProject
Project("{2150E333-8FDC-42A3-9474-1A3956D46DE8}") = "20. BlockChainApi", "20. BlockChainApi", "{1D4474D9-E620-4979-9792-5C862B0D1212}"
EndProject
Project("{2150E333-8FDC-42A3-9474-1A3956D46DE8}") = "50. Infrastructure", "50. Infrastructure", "{D615E4EE-E104-4DC5-BA6C-BA8D6AD5F877}"
EndProject
Project("{FAE04EC0-301F-11D3-BF4B-00C04F79EFBC}") = "BlockChain.Domain", "src\BlockChain.Domain\BlockChain.Domain.csproj", "{D5956388-49D0-4642-AA5D-B01567782CD5}"
EndProject
Project("{FAE04EC0-301F-11D3-BF4B-00C04F79EFBC}") = "BlockChain.FunctionalTests", "tests\BlockChain.FunctionalTests\BlockChain.FunctionalTests.csproj", "{844E6958-C9E1-4977-A60C-88A194208019}"
EndProject
Global
	GlobalSection(SolutionConfigurationPlatforms) = preSolution
		Debug|Any CPU = Debug|Any CPU
		Debug|x64 = Debug|x64
		Debug|x86 = Debug|x86
		Release|Any CPU = Release|Any CPU
		Release|x64 = Release|x64
		Release|x86 = Release|x86
	EndGlobalSection
	GlobalSection(ProjectConfigurationPlatforms) = postSolution
		{3C4B2064-4374-43D0-8114-CCF2E13D907B}.Debug|Any CPU.ActiveCfg = Debug|Any CPU
		{3C4B2064-4374-43D0-8114-CCF2E13D907B}.Debug|Any CPU.Build.0 = Debug|Any CPU
		{3C4B2064-4374-43D0-8114-CCF2E13D907B}.Debug|x64.ActiveCfg = Debug|Any CPU
		{3C4B2064-4374-43D0-8114-CCF2E13D907B}.Debug|x64.Build.0 = Debug|Any CPU
		{3C4B2064-4374-43D0-8114-CCF2E13D907B}.Debug|x86.ActiveCfg = Debug|Any CPU
		{3C4B2064-4374-43D0-8114-CCF2E13D907B}.Debug|x86.Build.0 = Debug|Any CPU
		{3C4B2064-4374-43D0-8114-CCF2E13D907B}.Release|Any CPU.ActiveCfg = Release|Any CPU
		{3C4B2064-4374-43D0-8114-CCF2E13D907B}.Release|Any CPU.Build.0 = Release|Any CPU
		{3C4B2064-4374-43D0-8114-CCF2E13D907B}.Release|x64.ActiveCfg = Release|Any CPU
		{3C4B2064-4374-43D0-8114-CCF2E13D907B}.Release|x64.Build.0 = Release|Any CPU
		{3C4B2064-4374-43D0-8114-CCF2E13D907B}.Release|x86.ActiveCfg = Release|Any CPU
		{3C4B2064-4374-43D0-8114-CCF2E13D907B}.Release|x86.Build.0 = Release|Any CPU
		{293EADBE-1AB4-4E60-8263-C15E3DB53B9C}.Debug|Any CPU.ActiveCfg = Debug|Any CPU
		{293EADBE-1AB4-4E60-8263-C15E3DB53B9C}.Debug|Any CPU.Build.0 = Debug|Any CPU
		{293EADBE-1AB4-4E60-8263-C15E3DB53B9C}.Debug|x64.ActiveCfg = Debug|Any CPU
		{293EADBE-1AB4-4E60-8263-C15E3DB53B9C}.Debug|x64.Build.0 = Debug|Any CPU
		{293EADBE-1AB4-4E60-8263-C15E3DB53B9C}.Debug|x86.ActiveCfg = Debug|Any CPU
		{293EADBE-1AB4-4E60-8263-C15E3DB53B9C}.Debug|x86.Build.0 = Debug|Any CPU
		{293EADBE-1AB4-4E60-8263-C15E3DB53B9C}.Release|Any CPU.ActiveCfg = Release|Any CPU
		{293EADBE-1AB4-4E60-8263-C15E3DB53B9C}.Release|Any CPU.Build.0 = Release|Any CPU
		{293EADBE-1AB4-4E60-8263-C15E3DB53B9C}.Release|x64.ActiveCfg = Release|Any CPU
		{293EADBE-1AB4-4E60-8263-C15E3DB53B9C}.Release|x64.Build.0 = Release|Any CPU
		{293EADBE-1AB4-4E60-8263-C15E3DB53B9C}.Release|x86.ActiveCfg = Release|Any CPU
		{293EADBE-1AB4-4E60-8263-C15E3DB53B9C}.Release|x86.Build.0 = Release|Any CPU
		{E92CCA88-BC8B-4C97-8E68-4A683CEEE745}.Debug|Any CPU.ActiveCfg = Debug|Any CPU
		{E92CCA88-BC8B-4C97-8E68-4A683CEEE745}.Debug|Any CPU.Build.0 = Debug|Any CPU
		{E92CCA88-BC8B-4C97-8E68-4A683CEEE745}.Debug|x64.ActiveCfg = Debug|Any CPU
		{E92CCA88-BC8B-4C97-8E68-4A683CEEE745}.Debug|x64.Build.0 = Debug|Any CPU
		{E92CCA88-BC8B-4C97-8E68-4A683CEEE745}.Debug|x86.ActiveCfg = Debug|Any CPU
		{E92CCA88-BC8B-4C97-8E68-4A683CEEE745}.Debug|x86.Build.0 = Debug|Any CPU
		{E92CCA88-BC8B-4C97-8E68-4A683CEEE745}.Release|Any CPU.ActiveCfg = Release|Any CPU
		{E92CCA88-BC8B-4C97-8E68-4A683CEEE745}.Release|Any CPU.Build.0 = Release|Any CPU
		{E92CCA88-BC8B-4C97-8E68-4A683CEEE745}.Release|x64.ActiveCfg = Release|Any CPU
		{E92CCA88-BC8B-4C97-8E68-4A683CEEE745}.Release|x64.Build.0 = Release|Any CPU
		{E92CCA88-BC8B-4C97-8E68-4A683CEEE745}.Release|x86.ActiveCfg = Release|Any CPU
		{E92CCA88-BC8B-4C97-8E68-4A683CEEE745}.Release|x86.Build.0 = Release|Any CPU
		{4723E1A1-FE60-4F3B-B204-03FD8B3CABD8}.Debug|Any CPU.ActiveCfg = Debug|Any CPU
		{4723E1A1-FE60-4F3B-B204-03FD8B3CABD8}.Debug|Any CPU.Build.0 = Debug|Any CPU
		{4723E1A1-FE60-4F3B-B204-03FD8B3CABD8}.Debug|x64.ActiveCfg = Debug|Any CPU
		{4723E1A1-FE60-4F3B-B204-03FD8B3CABD8}.Debug|x64.Build.0 = Debug|Any CPU
		{4723E1A1-FE60-4F3B-B204-03FD8B3CABD8}.Debug|x86.ActiveCfg = Debug|Any CPU
		{4723E1A1-FE60-4F3B-B204-03FD8B3CABD8}.Debug|x86.Build.0 = Debug|Any CPU
		{4723E1A1-FE60-4F3B-B204-03FD8B3CABD8}.Release|Any CPU.ActiveCfg = Release|Any CPU
		{4723E1A1-FE60-4F3B-B204-03FD8B3CABD8}.Release|Any CPU.Build.0 = Release|Any CPU
		{4723E1A1-FE60-4F3B-B204-03FD8B3CABD8}.Release|x64.ActiveCfg = Release|Any CPU
		{4723E1A1-FE60-4F3B-B204-03FD8B3CABD8}.Release|x64.Build.0 = Release|Any CPU
		{4723E1A1-FE60-4F3B-B204-03FD8B3CABD8}.Release|x86.ActiveCfg = Release|Any CPU
		{4723E1A1-FE60-4F3B-B204-03FD8B3CABD8}.Release|x86.Build.0 = Release|Any CPU
		{CA5CD6CB-74B3-49B7-9833-473C81D694B9}.Debug|Any CPU.ActiveCfg = Debug|Any CPU
		{CA5CD6CB-74B3-49B7-9833-473C81D694B9}.Debug|Any CPU.Build.0 = Debug|Any CPU
		{CA5CD6CB-74B3-49B7-9833-473C81D694B9}.Debug|x64.ActiveCfg = Debug|Any CPU
		{CA5CD6CB-74B3-49B7-9833-473C81D694B9}.Debug|x64.Build.0 = Debug|Any CPU
		{CA5CD6CB-74B3-49B7-9833-473C81D694B9}.Debug|x86.ActiveCfg = Debug|Any CPU
		{CA5CD6CB-74B3-49B7-9833-473C81D694B9}.Debug|x86.Build.0 = Debug|Any CPU
		{CA5CD6CB-74B3-49B7-9833-473C81D694B9}.Release|Any CPU.ActiveCfg = Release|Any CPU
		{CA5CD6CB-74B3-49B7-9833-473C81D694B9}.Release|Any CPU.Build.0 = Release|Any CPU
		{CA5CD6CB-74B3-49B7-9833-473C81D694B9}.Release|x64.ActiveCfg = Release|Any CPU
		{CA5CD6CB-74B3-49B7-9833-473C81D694B9}.Release|x64.Build.0 = Release|Any CPU
		{CA5CD6CB-74B3-49B7-9833-473C81D694B9}.Release|x86.ActiveCfg = Release|Any CPU
		{CA5CD6CB-74B3-49B7-9833-473C81D694B9}.Release|x86.Build.0 = Release|Any CPU
		{D5956388-49D0-4642-AA5D-B01567782CD5}.Debug|Any CPU.ActiveCfg = Debug|Any CPU
		{D5956388-49D0-4642-AA5D-B01567782CD5}.Debug|Any CPU.Build.0 = Debug|Any CPU
		{D5956388-49D0-4642-AA5D-B01567782CD5}.Debug|x64.ActiveCfg = Debug|Any CPU
		{D5956388-49D0-4642-AA5D-B01567782CD5}.Debug|x64.Build.0 = Debug|Any CPU
		{D5956388-49D0-4642-AA5D-B01567782CD5}.Debug|x86.ActiveCfg = Debug|Any CPU
		{D5956388-49D0-4642-AA5D-B01567782CD5}.Debug|x86.Build.0 = Debug|Any CPU
		{D5956388-49D0-4642-AA5D-B01567782CD5}.Release|Any CPU.ActiveCfg = Release|Any CPU
		{D5956388-49D0-4642-AA5D-B01567782CD5}.Release|Any CPU.Build.0 = Release|Any CPU
		{D5956388-49D0-4642-AA5D-B01567782CD5}.Release|x64.ActiveCfg = Release|Any CPU
		{D5956388-49D0-4642-AA5D-B01567782CD5}.Release|x64.Build.0 = Release|Any CPU
		{D5956388-49D0-4642-AA5D-B01567782CD5}.Release|x86.ActiveCfg = Release|Any CPU
		{D5956388-49D0-4642-AA5D-B01567782CD5}.Release|x86.Build.0 = Release|Any CPU
		{844E6958-C9E1-4977-A60C-88A194208019}.Debug|Any CPU.ActiveCfg = Debug|Any CPU
		{844E6958-C9E1-4977-A60C-88A194208019}.Debug|Any CPU.Build.0 = Debug|Any CPU
		{844E6958-C9E1-4977-A60C-88A194208019}.Debug|x64.ActiveCfg = Debug|Any CPU
		{844E6958-C9E1-4977-A60C-88A194208019}.Debug|x64.Build.0 = Debug|Any CPU
		{844E6958-C9E1-4977-A60C-88A194208019}.Debug|x86.ActiveCfg = Debug|Any CPU
		{844E6958-C9E1-4977-A60C-88A194208019}.Debug|x86.Build.0 = Debug|Any CPU
		{844E6958-C9E1-4977-A60C-88A194208019}.Release|Any CPU.ActiveCfg = Release|Any CPU
		{844E6958-C9E1-4977-A60C-88A194208019}.Release|Any CPU.Build.0 = Release|Any CPU
		{844E6958-C9E1-4977-A60C-88A194208019}.Release|x64.ActiveCfg = Release|Any CPU
		{844E6958-C9E1-4977-A60C-88A194208019}.Release|x64.Build.0 = Release|Any CPU
		{844E6958-C9E1-4977-A60C-88A194208019}.Release|x86.ActiveCfg = Release|Any CPU
		{844E6958-C9E1-4977-A60C-88A194208019}.Release|x86.Build.0 = Release|Any CPU
	EndGlobalSection
	GlobalSection(SolutionProperties) = preSolution
		HideSolutionNode = FALSE
	EndGlobalSection
	GlobalSection(NestedProjects) = preSolution
		{3C4B2064-4374-43D0-8114-CCF2E13D907B} = {1D4474D9-E620-4979-9792-5C862B0D1212}
		{293EADBE-1AB4-4E60-8263-C15E3DB53B9C} = {827E0CD3-B72D-47B6-A68D-7590B98EB39B}
		{E92CCA88-BC8B-4C97-8E68-4A683CEEE745} = {D615E4EE-E104-4DC5-BA6C-BA8D6AD5F877}
		{4723E1A1-FE60-4F3B-B204-03FD8B3CABD8} = {0AB3BF05-4346-4AA6-1389-037BE0695223}
		{CA5CD6CB-74B3-49B7-9833-473C81D694B9} = {0AB3BF05-4346-4AA6-1389-037BE0695223}
		{D5956388-49D0-4642-AA5D-B01567782CD5} = {83F19C5C-A644-4CEB-9A88-0388BD4AB6FA}
		{844E6958-C9E1-4977-A60C-88A194208019} = {0AB3BF05-4346-4AA6-1389-037BE0695223}
	EndGlobalSection
	GlobalSection(ExtensibilityGlobals) = postSolution
		SolutionGuid = {4BEF2FD9-DCA3-40A2-9B61-0ED481938B56}
	EndGlobalSection
EndGlobal
